hash: ad507119ff079bfb3d97bab63f5096e05628a0b065fa27783338619c0961ed08
updated: 2016-08-07T16:16:20.863544168-04:00
imports:
- name: github.com/ghetzel/cli
  version: 4733699ce30faa633c4db36ebfbe427963593d7d
- name: github.com/op/go-logging
  version: 970db520ece77730c7e4724c61121037378659d9
devImports: []
