hash: 1bb61e1c48c3fafa2702ae15c354912b570b6b6149a2bd6c15b93c9707444508
updated: 2016-08-07T19:31:33.119582022-04:00
imports:
- name: github.com/ghetzel/cli
  version: 4733699ce30faa633c4db36ebfbe427963593d7d
- name: github.com/op/go-logging
  version: 970db520ece77730c7e4724c61121037378659d9
- name: github.com/urfave/negroni
  version: 6edff56736fa7bd546812f149e8cdaae61e5a38f
devImports: []
